
Microsoft Visual Studio Solution File, Format Version 12.00
# Visual Studio Version 16
VisualStudioVersion = 16.0.29709.97
MinimumVisualStudioVersion = 10.0.40219.1
Project("{FAE04EC0-301F-11D3-BF4B-00C04F79EFBC}") = "SkolsystemLaboration2", "SkolsystemLaboration2\SkolsystemLaboration2.csproj", "{DCAC0C70-3A90-4587-AA44-D57A5B726601}"
EndProject
Global
	GlobalSection(SolutionConfigurationPlatforms) = preSolution
		Debug|Any CPU = Debug|Any CPU
		Release|Any CPU = Release|Any CPU
	EndGlobalSection
	GlobalSection(ProjectConfigurationPlatforms) = postSolution
		{DCAC0C70-3A90-4587-AA44-D57A5B726601}.Debug|Any CPU.ActiveCfg = Debug|Any CPU
		{DCAC0C70-3A90-4587-AA44-D57A5B726601}.Debug|Any CPU.Build.0 = Debug|Any CPU
		{DCAC0C70-3A90-4587-AA44-D57A5B726601}.Release|Any CPU.ActiveCfg = Release|Any CPU
		{DCAC0C70-3A90-4587-AA44-D57A5B726601}.Release|Any CPU.Build.0 = Release|Any CPU
	EndGlobalSection
	GlobalSection(SolutionProperties) = preSolution
		HideSolutionNode = FALSE
	EndGlobalSection
	GlobalSection(ExtensibilityGlobals) = postSolution
		SolutionGuid = {5A7172EC-A1F7-413D-B409-8281FE4E6694}
	EndGlobalSection
EndGlobal
